
Microsoft Visual Studio Solution File, Format Version 12.00
# Visual Studio Version 17
VisualStudioVersion = 17.11.35327.3
MinimumVisualStudioVersion = 10.0.40219.1
Project("{FAE04EC0-301F-11D3-BF4B-00C04F79EFBC}") = "OOP-Oct092024-2", "OOP-Oct092024-2\OOP-Oct092024-2.csproj", "{765F50D9-4945-4E5F-AE5E-36489E08B0B1}"
EndProject
Global
	GlobalSection(SolutionConfigurationPlatforms) = preSolution
		Debug|Any CPU = Debug|Any CPU
		Release|Any CPU = Release|Any CPU
	EndGlobalSection
	GlobalSection(ProjectConfigurationPlatforms) = postSolution
		{765F50D9-4945-4E5F-AE5E-36489E08B0B1}.Debug|Any CPU.ActiveCfg = Debug|Any CPU
		{765F50D9-4945-4E5F-AE5E-36489E08B0B1}.Debug|Any CPU.Build.0 = Debug|Any CPU
		{765F50D9-4945-4E5F-AE5E-36489E08B0B1}.Release|Any CPU.ActiveCfg = Release|Any CPU
		{765F50D9-4945-4E5F-AE5E-36489E08B0B1}.Release|Any CPU.Build.0 = Release|Any CPU
	EndGlobalSection
	GlobalSection(SolutionProperties) = preSolution
		HideSolutionNode = FALSE
	EndGlobalSection
	GlobalSection(ExtensibilityGlobals) = postSolution
		SolutionGuid = {A39DD92A-5DF4-4872-AA16-F534C05DA719}
	EndGlobalSection
EndGlobal
