
Microsoft Visual Studio Solution File, Format Version 12.00
# Visual Studio Version 17
VisualStudioVersion = 17.7.34221.43
MinimumVisualStudioVersion = 10.0.40219.1
Project("{FAE04EC0-301F-11D3-BF4B-00C04F79EFBC}") = "Nov142023", "Nov142023\Nov142023.csproj", "{B4DA97ED-D0E9-4DC4-B4DD-C04BF25F60D4}"
EndProject
Global
	GlobalSection(SolutionConfigurationPlatforms) = preSolution
		Debug|Any CPU = Debug|Any CPU
		Release|Any CPU = Release|Any CPU
	EndGlobalSection
	GlobalSection(ProjectConfigurationPlatforms) = postSolution
		{B4DA97ED-D0E9-4DC4-B4DD-C04BF25F60D4}.Debug|Any CPU.ActiveCfg = Debug|Any CPU
		{B4DA97ED-D0E9-4DC4-B4DD-C04BF25F60D4}.Debug|Any CPU.Build.0 = Debug|Any CPU
		{B4DA97ED-D0E9-4DC4-B4DD-C04BF25F60D4}.Release|Any CPU.ActiveCfg = Release|Any CPU
		{B4DA97ED-D0E9-4DC4-B4DD-C04BF25F60D4}.Release|Any CPU.Build.0 = Release|Any CPU
	EndGlobalSection
	GlobalSection(SolutionProperties) = preSolution
		HideSolutionNode = FALSE
	EndGlobalSection
	GlobalSection(ExtensibilityGlobals) = postSolution
		SolutionGuid = {E6255BB4-3094-4BB5-A6AA-97F52313768D}
	EndGlobalSection
EndGlobal
