
Microsoft Visual Studio Solution File, Format Version 12.00
# Visual Studio Version 17
VisualStudioVersion = 17.7.34221.43
MinimumVisualStudioVersion = 10.0.40219.1
Project("{FAE04EC0-301F-11D3-BF4B-00C04F79EFBC}") = "Apr042024", "Apr042024\Apr042024.csproj", "{0E5B004E-1006-48E6-8CDC-7B02D1BB9515}"
EndProject
Global
	GlobalSection(SolutionConfigurationPlatforms) = preSolution
		Debug|Any CPU = Debug|Any CPU
		Release|Any CPU = Release|Any CPU
	EndGlobalSection
	GlobalSection(ProjectConfigurationPlatforms) = postSolution
		{0E5B004E-1006-48E6-8CDC-7B02D1BB9515}.Debug|Any CPU.ActiveCfg = Debug|Any CPU
		{0E5B004E-1006-48E6-8CDC-7B02D1BB9515}.Debug|Any CPU.Build.0 = Debug|Any CPU
		{0E5B004E-1006-48E6-8CDC-7B02D1BB9515}.Release|Any CPU.ActiveCfg = Release|Any CPU
		{0E5B004E-1006-48E6-8CDC-7B02D1BB9515}.Release|Any CPU.Build.0 = Release|Any CPU
	EndGlobalSection
	GlobalSection(SolutionProperties) = preSolution
		HideSolutionNode = FALSE
	EndGlobalSection
	GlobalSection(ExtensibilityGlobals) = postSolution
		SolutionGuid = {1F51568C-FA52-44A1-A0A6-71FF79594477}
	EndGlobalSection
EndGlobal
