
Microsoft Visual Studio Solution File, Format Version 12.00
# Visual Studio Version 17
VisualStudioVersion = 17.5.33424.131
MinimumVisualStudioVersion = 10.0.40219.1
Project("{FAE04EC0-301F-11D3-BF4B-00C04F79EFBC}") = "Mar142023-3", "Mar142023-3\Mar142023-3.csproj", "{974E7D3B-46F2-4414-A69A-3BA686AC686F}"
EndProject
Global
	GlobalSection(SolutionConfigurationPlatforms) = preSolution
		Debug|Any CPU = Debug|Any CPU
		Release|Any CPU = Release|Any CPU
	EndGlobalSection
	GlobalSection(ProjectConfigurationPlatforms) = postSolution
		{974E7D3B-46F2-4414-A69A-3BA686AC686F}.Debug|Any CPU.ActiveCfg = Debug|Any CPU
		{974E7D3B-46F2-4414-A69A-3BA686AC686F}.Debug|Any CPU.Build.0 = Debug|Any CPU
		{974E7D3B-46F2-4414-A69A-3BA686AC686F}.Release|Any CPU.ActiveCfg = Release|Any CPU
		{974E7D3B-46F2-4414-A69A-3BA686AC686F}.Release|Any CPU.Build.0 = Release|Any CPU
	EndGlobalSection
	GlobalSection(SolutionProperties) = preSolution
		HideSolutionNode = FALSE
	EndGlobalSection
	GlobalSection(ExtensibilityGlobals) = postSolution
		SolutionGuid = {3D1095E2-291F-4FE3-98C7-1B70490898CD}
	EndGlobalSection
EndGlobal
