
Microsoft Visual Studio Solution File, Format Version 12.00
# Visual Studio Version 17
VisualStudioVersion = 17.7.34221.43
MinimumVisualStudioVersion = 10.0.40219.1
Project("{FAE04EC0-301F-11D3-BF4B-00C04F79EFBC}") = "Apr052024", "Apr052024\Apr052024.csproj", "{7CC9BA3F-76A5-4262-8E7E-FAA54ACCBAD8}"
EndProject
Global
	GlobalSection(SolutionConfigurationPlatforms) = preSolution
		Debug|Any CPU = Debug|Any CPU
		Release|Any CPU = Release|Any CPU
	EndGlobalSection
	GlobalSection(ProjectConfigurationPlatforms) = postSolution
		{7CC9BA3F-76A5-4262-8E7E-FAA54ACCBAD8}.Debug|Any CPU.ActiveCfg = Debug|Any CPU
		{7CC9BA3F-76A5-4262-8E7E-FAA54ACCBAD8}.Debug|Any CPU.Build.0 = Debug|Any CPU
		{7CC9BA3F-76A5-4262-8E7E-FAA54ACCBAD8}.Release|Any CPU.ActiveCfg = Release|Any CPU
		{7CC9BA3F-76A5-4262-8E7E-FAA54ACCBAD8}.Release|Any CPU.Build.0 = Release|Any CPU
	EndGlobalSection
	GlobalSection(SolutionProperties) = preSolution
		HideSolutionNode = FALSE
	EndGlobalSection
	GlobalSection(ExtensibilityGlobals) = postSolution
		SolutionGuid = {4B40C2CA-E77C-48FF-90D8-5859A229C035}
	EndGlobalSection
EndGlobal
