
Microsoft Visual Studio Solution File, Format Version 12.00
# Visual Studio Version 17
VisualStudioVersion = 17.7.34221.43
MinimumVisualStudioVersion = 10.0.40219.1
Project("{FAE04EC0-301F-11D3-BF4B-00C04F79EFBC}") = "Feb292024_1", "Feb292024_1\Feb292024_1.csproj", "{9220E59C-3A82-4DDF-A86A-146887FA718A}"
EndProject
Global
	GlobalSection(SolutionConfigurationPlatforms) = preSolution
		Debug|Any CPU = Debug|Any CPU
		Release|Any CPU = Release|Any CPU
	EndGlobalSection
	GlobalSection(ProjectConfigurationPlatforms) = postSolution
		{9220E59C-3A82-4DDF-A86A-146887FA718A}.Debug|Any CPU.ActiveCfg = Debug|Any CPU
		{9220E59C-3A82-4DDF-A86A-146887FA718A}.Debug|Any CPU.Build.0 = Debug|Any CPU
		{9220E59C-3A82-4DDF-A86A-146887FA718A}.Release|Any CPU.ActiveCfg = Release|Any CPU
		{9220E59C-3A82-4DDF-A86A-146887FA718A}.Release|Any CPU.Build.0 = Release|Any CPU
	EndGlobalSection
	GlobalSection(SolutionProperties) = preSolution
		HideSolutionNode = FALSE
	EndGlobalSection
	GlobalSection(ExtensibilityGlobals) = postSolution
		SolutionGuid = {C2E54445-B86F-45FB-B778-C03EB82CA514}
	EndGlobalSection
EndGlobal
