
Microsoft Visual Studio Solution File, Format Version 12.00
# Visual Studio Version 17
VisualStudioVersion = 17.9.34728.123
MinimumVisualStudioVersion = 10.0.40219.1
Project("{FAE04EC0-301F-11D3-BF4B-00C04F79EFBC}") = "Apr242024", "Apr242024\Apr242024.csproj", "{05EB3A3E-B18F-40F3-813C-88C363B97470}"
EndProject
Global
	GlobalSection(SolutionConfigurationPlatforms) = preSolution
		Debug|Any CPU = Debug|Any CPU
		Release|Any CPU = Release|Any CPU
	EndGlobalSection
	GlobalSection(ProjectConfigurationPlatforms) = postSolution
		{05EB3A3E-B18F-40F3-813C-88C363B97470}.Debug|Any CPU.ActiveCfg = Debug|Any CPU
		{05EB3A3E-B18F-40F3-813C-88C363B97470}.Debug|Any CPU.Build.0 = Debug|Any CPU
		{05EB3A3E-B18F-40F3-813C-88C363B97470}.Release|Any CPU.ActiveCfg = Release|Any CPU
		{05EB3A3E-B18F-40F3-813C-88C363B97470}.Release|Any CPU.Build.0 = Release|Any CPU
	EndGlobalSection
	GlobalSection(SolutionProperties) = preSolution
		HideSolutionNode = FALSE
	EndGlobalSection
	GlobalSection(ExtensibilityGlobals) = postSolution
		SolutionGuid = {0DF324EB-BBC5-49BF-BBF0-3E27640ECD1A}
	EndGlobalSection
EndGlobal
