
Microsoft Visual Studio Solution File, Format Version 12.00
# Visual Studio Version 17
VisualStudioVersion = 17.7.34221.43
MinimumVisualStudioVersion = 10.0.40219.1
Project("{FAE04EC0-301F-11D3-BF4B-00C04F79EFBC}") = "Dec212023_1", "Dec212023_1\Dec212023_1.csproj", "{79EDAFA6-459F-483E-A176-6CFA694B669A}"
EndProject
Global
	GlobalSection(SolutionConfigurationPlatforms) = preSolution
		Debug|Any CPU = Debug|Any CPU
		Release|Any CPU = Release|Any CPU
	EndGlobalSection
	GlobalSection(ProjectConfigurationPlatforms) = postSolution
		{79EDAFA6-459F-483E-A176-6CFA694B669A}.Debug|Any CPU.ActiveCfg = Debug|Any CPU
		{79EDAFA6-459F-483E-A176-6CFA694B669A}.Debug|Any CPU.Build.0 = Debug|Any CPU
		{79EDAFA6-459F-483E-A176-6CFA694B669A}.Release|Any CPU.ActiveCfg = Release|Any CPU
		{79EDAFA6-459F-483E-A176-6CFA694B669A}.Release|Any CPU.Build.0 = Release|Any CPU
	EndGlobalSection
	GlobalSection(SolutionProperties) = preSolution
		HideSolutionNode = FALSE
	EndGlobalSection
	GlobalSection(ExtensibilityGlobals) = postSolution
		SolutionGuid = {027F4C5C-2A24-4DC0-8F57-DF63BAE73822}
	EndGlobalSection
EndGlobal
