
Microsoft Visual Studio Solution File, Format Version 12.00
# Visual Studio Version 17
VisualStudioVersion = 17.9.34728.123
MinimumVisualStudioVersion = 10.0.40219.1
Project("{FAE04EC0-301F-11D3-BF4B-00C04F79EFBC}") = "May112024DA", "May112024DA\May112024DA.csproj", "{418EF1F1-6965-4EE6-B2E3-5E8F647AC322}"
EndProject
Global
	GlobalSection(SolutionConfigurationPlatforms) = preSolution
		Debug|Any CPU = Debug|Any CPU
		Release|Any CPU = Release|Any CPU
	EndGlobalSection
	GlobalSection(ProjectConfigurationPlatforms) = postSolution
		{418EF1F1-6965-4EE6-B2E3-5E8F647AC322}.Debug|Any CPU.ActiveCfg = Debug|Any CPU
		{418EF1F1-6965-4EE6-B2E3-5E8F647AC322}.Debug|Any CPU.Build.0 = Debug|Any CPU
		{418EF1F1-6965-4EE6-B2E3-5E8F647AC322}.Release|Any CPU.ActiveCfg = Release|Any CPU
		{418EF1F1-6965-4EE6-B2E3-5E8F647AC322}.Release|Any CPU.Build.0 = Release|Any CPU
	EndGlobalSection
	GlobalSection(SolutionProperties) = preSolution
		HideSolutionNode = FALSE
	EndGlobalSection
	GlobalSection(ExtensibilityGlobals) = postSolution
		SolutionGuid = {984819E3-BCCC-4431-B810-81BD8629B664}
	EndGlobalSection
EndGlobal
