
Microsoft Visual Studio Solution File, Format Version 12.00
# Visual Studio Version 17
VisualStudioVersion = 17.5.33424.131
MinimumVisualStudioVersion = 10.0.40219.1
Project("{FAE04EC0-301F-11D3-BF4B-00C04F79EFBC}") = "Apr012023-2", "Apr012023-2\Apr012023-2.csproj", "{642E559B-5544-4B89-A5DB-9F3464C94E25}"
EndProject
Global
	GlobalSection(SolutionConfigurationPlatforms) = preSolution
		Debug|Any CPU = Debug|Any CPU
		Release|Any CPU = Release|Any CPU
	EndGlobalSection
	GlobalSection(ProjectConfigurationPlatforms) = postSolution
		{642E559B-5544-4B89-A5DB-9F3464C94E25}.Debug|Any CPU.ActiveCfg = Debug|Any CPU
		{642E559B-5544-4B89-A5DB-9F3464C94E25}.Debug|Any CPU.Build.0 = Debug|Any CPU
		{642E559B-5544-4B89-A5DB-9F3464C94E25}.Release|Any CPU.ActiveCfg = Release|Any CPU
		{642E559B-5544-4B89-A5DB-9F3464C94E25}.Release|Any CPU.Build.0 = Release|Any CPU
	EndGlobalSection
	GlobalSection(SolutionProperties) = preSolution
		HideSolutionNode = FALSE
	EndGlobalSection
	GlobalSection(ExtensibilityGlobals) = postSolution
		SolutionGuid = {790130EF-A4AD-43BC-8527-D0BF97BAEB93}
	EndGlobalSection
EndGlobal
