
Microsoft Visual Studio Solution File, Format Version 12.00
# Visual Studio Version 17
VisualStudioVersion = 17.9.34728.123
MinimumVisualStudioVersion = 10.0.40219.1
Project("{FAE04EC0-301F-11D3-BF4B-00C04F79EFBC}") = "May032024", "May032024\May032024.csproj", "{3137D617-A7EB-4769-9F88-C694EA20EA29}"
EndProject
Global
	GlobalSection(SolutionConfigurationPlatforms) = preSolution
		Debug|Any CPU = Debug|Any CPU
		Release|Any CPU = Release|Any CPU
	EndGlobalSection
	GlobalSection(ProjectConfigurationPlatforms) = postSolution
		{3137D617-A7EB-4769-9F88-C694EA20EA29}.Debug|Any CPU.ActiveCfg = Debug|Any CPU
		{3137D617-A7EB-4769-9F88-C694EA20EA29}.Debug|Any CPU.Build.0 = Debug|Any CPU
		{3137D617-A7EB-4769-9F88-C694EA20EA29}.Release|Any CPU.ActiveCfg = Release|Any CPU
		{3137D617-A7EB-4769-9F88-C694EA20EA29}.Release|Any CPU.Build.0 = Release|Any CPU
	EndGlobalSection
	GlobalSection(SolutionProperties) = preSolution
		HideSolutionNode = FALSE
	EndGlobalSection
	GlobalSection(ExtensibilityGlobals) = postSolution
		SolutionGuid = {32D43248-3946-4979-A280-2E9A050C7E5C}
	EndGlobalSection
EndGlobal
