
Microsoft Visual Studio Solution File, Format Version 12.00
# Visual Studio Version 17
VisualStudioVersion = 17.5.33424.131
MinimumVisualStudioVersion = 10.0.40219.1
Project("{FAE04EC0-301F-11D3-BF4B-00C04F79EFBC}") = "Mar112023-1", "Mar112023-1\Mar112023-1.csproj", "{C6D1F05B-E421-464A-93AA-6C1DBBFDCF07}"
EndProject
Global
	GlobalSection(SolutionConfigurationPlatforms) = preSolution
		Debug|Any CPU = Debug|Any CPU
		Release|Any CPU = Release|Any CPU
	EndGlobalSection
	GlobalSection(ProjectConfigurationPlatforms) = postSolution
		{C6D1F05B-E421-464A-93AA-6C1DBBFDCF07}.Debug|Any CPU.ActiveCfg = Debug|Any CPU
		{C6D1F05B-E421-464A-93AA-6C1DBBFDCF07}.Debug|Any CPU.Build.0 = Debug|Any CPU
		{C6D1F05B-E421-464A-93AA-6C1DBBFDCF07}.Release|Any CPU.ActiveCfg = Release|Any CPU
		{C6D1F05B-E421-464A-93AA-6C1DBBFDCF07}.Release|Any CPU.Build.0 = Release|Any CPU
	EndGlobalSection
	GlobalSection(SolutionProperties) = preSolution
		HideSolutionNode = FALSE
	EndGlobalSection
	GlobalSection(ExtensibilityGlobals) = postSolution
		SolutionGuid = {66EDA5E6-D38B-410A-BC63-C315A18242FB}
	EndGlobalSection
EndGlobal
