
Microsoft Visual Studio Solution File, Format Version 12.00
# Visual Studio Version 17
VisualStudioVersion = 17.7.34221.43
MinimumVisualStudioVersion = 10.0.40219.1
Project("{FAE04EC0-301F-11D3-BF4B-00C04F79EFBC}") = "Dec132023", "Dec132023\Dec132023.csproj", "{31867301-16A8-4474-A3A0-B266FD89672C}"
EndProject
Global
	GlobalSection(SolutionConfigurationPlatforms) = preSolution
		Debug|Any CPU = Debug|Any CPU
		Release|Any CPU = Release|Any CPU
	EndGlobalSection
	GlobalSection(ProjectConfigurationPlatforms) = postSolution
		{31867301-16A8-4474-A3A0-B266FD89672C}.Debug|Any CPU.ActiveCfg = Debug|Any CPU
		{31867301-16A8-4474-A3A0-B266FD89672C}.Debug|Any CPU.Build.0 = Debug|Any CPU
		{31867301-16A8-4474-A3A0-B266FD89672C}.Release|Any CPU.ActiveCfg = Release|Any CPU
		{31867301-16A8-4474-A3A0-B266FD89672C}.Release|Any CPU.Build.0 = Release|Any CPU
	EndGlobalSection
	GlobalSection(SolutionProperties) = preSolution
		HideSolutionNode = FALSE
	EndGlobalSection
	GlobalSection(ExtensibilityGlobals) = postSolution
		SolutionGuid = {EEA33EA7-4E21-45AD-A60D-33DAEB6163C1}
	EndGlobalSection
EndGlobal
