
Microsoft Visual Studio Solution File, Format Version 12.00
# Visual Studio Version 17
VisualStudioVersion = 17.7.34221.43
MinimumVisualStudioVersion = 10.0.40219.1
Project("{FAE04EC0-301F-11D3-BF4B-00C04F79EFBC}") = "Nov282023", "Nov282023\Nov282023.csproj", "{12C65EED-581B-4CA2-B890-A33CE3815CEE}"
EndProject
Global
	GlobalSection(SolutionConfigurationPlatforms) = preSolution
		Debug|Any CPU = Debug|Any CPU
		Release|Any CPU = Release|Any CPU
	EndGlobalSection
	GlobalSection(ProjectConfigurationPlatforms) = postSolution
		{12C65EED-581B-4CA2-B890-A33CE3815CEE}.Debug|Any CPU.ActiveCfg = Debug|Any CPU
		{12C65EED-581B-4CA2-B890-A33CE3815CEE}.Debug|Any CPU.Build.0 = Debug|Any CPU
		{12C65EED-581B-4CA2-B890-A33CE3815CEE}.Release|Any CPU.ActiveCfg = Release|Any CPU
		{12C65EED-581B-4CA2-B890-A33CE3815CEE}.Release|Any CPU.Build.0 = Release|Any CPU
	EndGlobalSection
	GlobalSection(SolutionProperties) = preSolution
		HideSolutionNode = FALSE
	EndGlobalSection
	GlobalSection(ExtensibilityGlobals) = postSolution
		SolutionGuid = {BA7A4389-8F4B-4CB4-AF20-BA3015AF4246}
	EndGlobalSection
EndGlobal
