
Microsoft Visual Studio Solution File, Format Version 12.00
# Visual Studio Version 17
VisualStudioVersion = 17.7.34221.43
MinimumVisualStudioVersion = 10.0.40219.1
Project("{FAE04EC0-301F-11D3-BF4B-00C04F79EFBC}") = "Mar042024", "Mar042024\Mar042024.csproj", "{CCB825FB-5232-4BA9-8E81-62BAE881C95D}"
EndProject
Global
	GlobalSection(SolutionConfigurationPlatforms) = preSolution
		Debug|Any CPU = Debug|Any CPU
		Release|Any CPU = Release|Any CPU
	EndGlobalSection
	GlobalSection(ProjectConfigurationPlatforms) = postSolution
		{CCB825FB-5232-4BA9-8E81-62BAE881C95D}.Debug|Any CPU.ActiveCfg = Debug|Any CPU
		{CCB825FB-5232-4BA9-8E81-62BAE881C95D}.Debug|Any CPU.Build.0 = Debug|Any CPU
		{CCB825FB-5232-4BA9-8E81-62BAE881C95D}.Release|Any CPU.ActiveCfg = Release|Any CPU
		{CCB825FB-5232-4BA9-8E81-62BAE881C95D}.Release|Any CPU.Build.0 = Release|Any CPU
	EndGlobalSection
	GlobalSection(SolutionProperties) = preSolution
		HideSolutionNode = FALSE
	EndGlobalSection
	GlobalSection(ExtensibilityGlobals) = postSolution
		SolutionGuid = {EC387E81-F033-449F-879C-8BBA6419F2AA}
	EndGlobalSection
EndGlobal
