
Microsoft Visual Studio Solution File, Format Version 12.00
# Visual Studio Version 17
VisualStudioVersion = 17.7.34221.43
MinimumVisualStudioVersion = 10.0.40219.1
Project("{FAE04EC0-301F-11D3-BF4B-00C04F79EFBC}") = "Mar222024", "Mar222024\Mar222024.csproj", "{83E4FDB3-9824-47DE-ABE2-CC736EC25CF6}"
EndProject
Global
	GlobalSection(SolutionConfigurationPlatforms) = preSolution
		Debug|Any CPU = Debug|Any CPU
		Release|Any CPU = Release|Any CPU
	EndGlobalSection
	GlobalSection(ProjectConfigurationPlatforms) = postSolution
		{83E4FDB3-9824-47DE-ABE2-CC736EC25CF6}.Debug|Any CPU.ActiveCfg = Debug|Any CPU
		{83E4FDB3-9824-47DE-ABE2-CC736EC25CF6}.Debug|Any CPU.Build.0 = Debug|Any CPU
		{83E4FDB3-9824-47DE-ABE2-CC736EC25CF6}.Release|Any CPU.ActiveCfg = Release|Any CPU
		{83E4FDB3-9824-47DE-ABE2-CC736EC25CF6}.Release|Any CPU.Build.0 = Release|Any CPU
	EndGlobalSection
	GlobalSection(SolutionProperties) = preSolution
		HideSolutionNode = FALSE
	EndGlobalSection
	GlobalSection(ExtensibilityGlobals) = postSolution
		SolutionGuid = {06022898-B9FA-409A-A63F-9B4018AAA333}
	EndGlobalSection
EndGlobal
