
Microsoft Visual Studio Solution File, Format Version 12.00
# Visual Studio Version 17
VisualStudioVersion = 17.7.34221.43
MinimumVisualStudioVersion = 10.0.40219.1
Project("{FAE04EC0-301F-11D3-BF4B-00C04F79EFBC}") = "Nov252023_1", "Nov252023_1\Nov252023_1.csproj", "{C136C6FF-C49A-453F-A042-0C46E5FFC58F}"
EndProject
Project("{FAE04EC0-301F-11D3-BF4B-00C04F79EFBC}") = "ProjectA.TeamA", "ProjectA.TeamA\ProjectA.TeamA.csproj", "{5CFA3913-B562-4B49-A57B-C15A7BB11D0E}"
EndProject
Project("{FAE04EC0-301F-11D3-BF4B-00C04F79EFBC}") = "ProjectA.TeamB", "ProjectA.TeamB\ProjectA.TeamB.csproj", "{1F35BED8-E50C-4C80-9471-F1B161E70864}"
EndProject
Global
	GlobalSection(SolutionConfigurationPlatforms) = preSolution
		Debug|Any CPU = Debug|Any CPU
		Release|Any CPU = Release|Any CPU
	EndGlobalSection
	GlobalSection(ProjectConfigurationPlatforms) = postSolution
		{C136C6FF-C49A-453F-A042-0C46E5FFC58F}.Debug|Any CPU.ActiveCfg = Debug|Any CPU
		{C136C6FF-C49A-453F-A042-0C46E5FFC58F}.Debug|Any CPU.Build.0 = Debug|Any CPU
		{C136C6FF-C49A-453F-A042-0C46E5FFC58F}.Release|Any CPU.ActiveCfg = Release|Any CPU
		{C136C6FF-C49A-453F-A042-0C46E5FFC58F}.Release|Any CPU.Build.0 = Release|Any CPU
		{5CFA3913-B562-4B49-A57B-C15A7BB11D0E}.Debug|Any CPU.ActiveCfg = Debug|Any CPU
		{5CFA3913-B562-4B49-A57B-C15A7BB11D0E}.Debug|Any CPU.Build.0 = Debug|Any CPU
		{5CFA3913-B562-4B49-A57B-C15A7BB11D0E}.Release|Any CPU.ActiveCfg = Release|Any CPU
		{5CFA3913-B562-4B49-A57B-C15A7BB11D0E}.Release|Any CPU.Build.0 = Release|Any CPU
		{1F35BED8-E50C-4C80-9471-F1B161E70864}.Debug|Any CPU.ActiveCfg = Debug|Any CPU
		{1F35BED8-E50C-4C80-9471-F1B161E70864}.Debug|Any CPU.Build.0 = Debug|Any CPU
		{1F35BED8-E50C-4C80-9471-F1B161E70864}.Release|Any CPU.ActiveCfg = Release|Any CPU
		{1F35BED8-E50C-4C80-9471-F1B161E70864}.Release|Any CPU.Build.0 = Release|Any CPU
	EndGlobalSection
	GlobalSection(SolutionProperties) = preSolution
		HideSolutionNode = FALSE
	EndGlobalSection
	GlobalSection(ExtensibilityGlobals) = postSolution
		SolutionGuid = {08731049-2E0E-42EA-8CBF-E9367F64DE81}
	EndGlobalSection
EndGlobal
