
Microsoft Visual Studio Solution File, Format Version 12.00
# Visual Studio Version 17
VisualStudioVersion = 17.9.34728.123
MinimumVisualStudioVersion = 10.0.40219.1
Project("{FAE04EC0-301F-11D3-BF4B-00C04F79EFBC}") = "Apr192024-Rev", "Apr192024-Rev\Apr192024-Rev.csproj", "{427E54C1-1D67-4919-B37F-D49FCE6849CC}"
EndProject
Global
	GlobalSection(SolutionConfigurationPlatforms) = preSolution
		Debug|Any CPU = Debug|Any CPU
		Release|Any CPU = Release|Any CPU
	EndGlobalSection
	GlobalSection(ProjectConfigurationPlatforms) = postSolution
		{427E54C1-1D67-4919-B37F-D49FCE6849CC}.Debug|Any CPU.ActiveCfg = Debug|Any CPU
		{427E54C1-1D67-4919-B37F-D49FCE6849CC}.Debug|Any CPU.Build.0 = Debug|Any CPU
		{427E54C1-1D67-4919-B37F-D49FCE6849CC}.Release|Any CPU.ActiveCfg = Release|Any CPU
		{427E54C1-1D67-4919-B37F-D49FCE6849CC}.Release|Any CPU.Build.0 = Release|Any CPU
	EndGlobalSection
	GlobalSection(SolutionProperties) = preSolution
		HideSolutionNode = FALSE
	EndGlobalSection
	GlobalSection(ExtensibilityGlobals) = postSolution
		SolutionGuid = {537827A5-DA09-4AC3-AF61-0EFCE6371891}
	EndGlobalSection
EndGlobal
