
Microsoft Visual Studio Solution File, Format Version 12.00
# Visual Studio Version 17
VisualStudioVersion = 17.11.35208.52
MinimumVisualStudioVersion = 10.0.40219.1
Project("{FAE04EC0-301F-11D3-BF4B-00C04F79EFBC}") = "Sep092024", "Sep092024\Sep092024.csproj", "{CE5F0885-FB7E-45EE-B4B7-29C6C2A7630B}"
EndProject
Global
	GlobalSection(SolutionConfigurationPlatforms) = preSolution
		Debug|Any CPU = Debug|Any CPU
		Release|Any CPU = Release|Any CPU
	EndGlobalSection
	GlobalSection(ProjectConfigurationPlatforms) = postSolution
		{CE5F0885-FB7E-45EE-B4B7-29C6C2A7630B}.Debug|Any CPU.ActiveCfg = Debug|Any CPU
		{CE5F0885-FB7E-45EE-B4B7-29C6C2A7630B}.Debug|Any CPU.Build.0 = Debug|Any CPU
		{CE5F0885-FB7E-45EE-B4B7-29C6C2A7630B}.Release|Any CPU.ActiveCfg = Release|Any CPU
		{CE5F0885-FB7E-45EE-B4B7-29C6C2A7630B}.Release|Any CPU.Build.0 = Release|Any CPU
	EndGlobalSection
	GlobalSection(SolutionProperties) = preSolution
		HideSolutionNode = FALSE
	EndGlobalSection
	GlobalSection(ExtensibilityGlobals) = postSolution
		SolutionGuid = {7B2E8DDE-1986-4A03-97AA-95ACCD9FEA82}
	EndGlobalSection
EndGlobal
