
Microsoft Visual Studio Solution File, Format Version 12.00
# Visual Studio Version 17
VisualStudioVersion = 17.5.33424.131
MinimumVisualStudioVersion = 10.0.40219.1
Project("{FAE04EC0-301F-11D3-BF4B-00C04F79EFBC}") = "WebApplication2", "WebApplication2\WebApplication2.csproj", "{D217B716-A691-4ADC-8CBF-8FFA3338015D}"
EndProject
Global
	GlobalSection(SolutionConfigurationPlatforms) = preSolution
		Debug|Any CPU = Debug|Any CPU
		Release|Any CPU = Release|Any CPU
	EndGlobalSection
	GlobalSection(ProjectConfigurationPlatforms) = postSolution
		{D217B716-A691-4ADC-8CBF-8FFA3338015D}.Debug|Any CPU.ActiveCfg = Debug|Any CPU
		{D217B716-A691-4ADC-8CBF-8FFA3338015D}.Debug|Any CPU.Build.0 = Debug|Any CPU
		{D217B716-A691-4ADC-8CBF-8FFA3338015D}.Release|Any CPU.ActiveCfg = Release|Any CPU
		{D217B716-A691-4ADC-8CBF-8FFA3338015D}.Release|Any CPU.Build.0 = Release|Any CPU
	EndGlobalSection
	GlobalSection(SolutionProperties) = preSolution
		HideSolutionNode = FALSE
	EndGlobalSection
	GlobalSection(ExtensibilityGlobals) = postSolution
		SolutionGuid = {0B44E229-4CEC-487C-8219-0AA0A84FA28C}
	EndGlobalSection
EndGlobal
