
Microsoft Visual Studio Solution File, Format Version 12.00
# Visual Studio Version 17
VisualStudioVersion = 17.7.34221.43
MinimumVisualStudioVersion = 10.0.40219.1
Project("{FAE04EC0-301F-11D3-BF4B-00C04F79EFBC}") = "Apr092024", "Apr092024\Apr092024.csproj", "{D816EADC-733A-46D9-823D-321DF3A6FBE0}"
EndProject
Global
	GlobalSection(SolutionConfigurationPlatforms) = preSolution
		Debug|Any CPU = Debug|Any CPU
		Release|Any CPU = Release|Any CPU
	EndGlobalSection
	GlobalSection(ProjectConfigurationPlatforms) = postSolution
		{D816EADC-733A-46D9-823D-321DF3A6FBE0}.Debug|Any CPU.ActiveCfg = Debug|Any CPU
		{D816EADC-733A-46D9-823D-321DF3A6FBE0}.Debug|Any CPU.Build.0 = Debug|Any CPU
		{D816EADC-733A-46D9-823D-321DF3A6FBE0}.Release|Any CPU.ActiveCfg = Release|Any CPU
		{D816EADC-733A-46D9-823D-321DF3A6FBE0}.Release|Any CPU.Build.0 = Release|Any CPU
	EndGlobalSection
	GlobalSection(SolutionProperties) = preSolution
		HideSolutionNode = FALSE
	EndGlobalSection
	GlobalSection(ExtensibilityGlobals) = postSolution
		SolutionGuid = {333B419E-31E9-4541-A24B-20234482E771}
	EndGlobalSection
EndGlobal
