
Microsoft Visual Studio Solution File, Format Version 12.00
# Visual Studio Version 17
VisualStudioVersion = 17.7.34221.43
MinimumVisualStudioVersion = 10.0.40219.1
Project("{FAE04EC0-301F-11D3-BF4B-00C04F79EFBC}") = "Mar122024", "Mar122024\Mar122024.csproj", "{31ABDACD-3DB3-49B1-8B9D-0DE2FE6C8328}"
EndProject
Global
	GlobalSection(SolutionConfigurationPlatforms) = preSolution
		Debug|Any CPU = Debug|Any CPU
		Release|Any CPU = Release|Any CPU
	EndGlobalSection
	GlobalSection(ProjectConfigurationPlatforms) = postSolution
		{31ABDACD-3DB3-49B1-8B9D-0DE2FE6C8328}.Debug|Any CPU.ActiveCfg = Debug|Any CPU
		{31ABDACD-3DB3-49B1-8B9D-0DE2FE6C8328}.Debug|Any CPU.Build.0 = Debug|Any CPU
		{31ABDACD-3DB3-49B1-8B9D-0DE2FE6C8328}.Release|Any CPU.ActiveCfg = Release|Any CPU
		{31ABDACD-3DB3-49B1-8B9D-0DE2FE6C8328}.Release|Any CPU.Build.0 = Release|Any CPU
	EndGlobalSection
	GlobalSection(SolutionProperties) = preSolution
		HideSolutionNode = FALSE
	EndGlobalSection
	GlobalSection(ExtensibilityGlobals) = postSolution
		SolutionGuid = {FFE0DB35-188F-4F78-B861-B76AD6FAB8DF}
	EndGlobalSection
EndGlobal
