
Microsoft Visual Studio Solution File, Format Version 12.00
# Visual Studio Version 17
VisualStudioVersion = 17.7.34221.43
MinimumVisualStudioVersion = 10.0.40219.1
Project("{FAE04EC0-301F-11D3-BF4B-00C04F79EFBC}") = "Dec052023", "Dec052023\Dec052023.csproj", "{BDD9AAE2-5932-495D-B310-020144E740EC}"
EndProject
Global
	GlobalSection(SolutionConfigurationPlatforms) = preSolution
		Debug|Any CPU = Debug|Any CPU
		Release|Any CPU = Release|Any CPU
	EndGlobalSection
	GlobalSection(ProjectConfigurationPlatforms) = postSolution
		{BDD9AAE2-5932-495D-B310-020144E740EC}.Debug|Any CPU.ActiveCfg = Debug|Any CPU
		{BDD9AAE2-5932-495D-B310-020144E740EC}.Debug|Any CPU.Build.0 = Debug|Any CPU
		{BDD9AAE2-5932-495D-B310-020144E740EC}.Release|Any CPU.ActiveCfg = Release|Any CPU
		{BDD9AAE2-5932-495D-B310-020144E740EC}.Release|Any CPU.Build.0 = Release|Any CPU
	EndGlobalSection
	GlobalSection(SolutionProperties) = preSolution
		HideSolutionNode = FALSE
	EndGlobalSection
	GlobalSection(ExtensibilityGlobals) = postSolution
		SolutionGuid = {DB878727-BE80-4E6C-B73B-556D9F3C92AD}
	EndGlobalSection
EndGlobal
