
Microsoft Visual Studio Solution File, Format Version 12.00
# Visual Studio Version 17
VisualStudioVersion = 17.7.34221.43
MinimumVisualStudioVersion = 10.0.40219.1
Project("{FAE04EC0-301F-11D3-BF4B-00C04F79EFBC}") = "Mar092024", "Mar092024\Mar092024.csproj", "{80244447-F678-4668-872F-EFF0D9F3D903}"
EndProject
Global
	GlobalSection(SolutionConfigurationPlatforms) = preSolution
		Debug|Any CPU = Debug|Any CPU
		Release|Any CPU = Release|Any CPU
	EndGlobalSection
	GlobalSection(ProjectConfigurationPlatforms) = postSolution
		{80244447-F678-4668-872F-EFF0D9F3D903}.Debug|Any CPU.ActiveCfg = Debug|Any CPU
		{80244447-F678-4668-872F-EFF0D9F3D903}.Debug|Any CPU.Build.0 = Debug|Any CPU
		{80244447-F678-4668-872F-EFF0D9F3D903}.Release|Any CPU.ActiveCfg = Release|Any CPU
		{80244447-F678-4668-872F-EFF0D9F3D903}.Release|Any CPU.Build.0 = Release|Any CPU
	EndGlobalSection
	GlobalSection(SolutionProperties) = preSolution
		HideSolutionNode = FALSE
	EndGlobalSection
	GlobalSection(ExtensibilityGlobals) = postSolution
		SolutionGuid = {2568F93A-08E1-4097-BC6C-641C2ACC518B}
	EndGlobalSection
EndGlobal
